
Microsoft Visual Studio Solution File, Format Version 12.00
# Visual Studio Version 17
VisualStudioVersion = 17.10.35013.160
MinimumVisualStudioVersion = 10.0.40219.1
Project("{FAE04EC0-301F-11D3-BF4B-00C04F79EFBC}") = "VisitorDesignPattern", "VisitorDesignPattern\VisitorDesignPattern.csproj", "{D342B94D-D826-4526-9981-DD25A2F5EAE6}"
EndProject
Global
	GlobalSection(SolutionConfigurationPlatforms) = preSolution
		Debug|Any CPU = Debug|Any CPU
		Release|Any CPU = Release|Any CPU
	EndGlobalSection
	GlobalSection(ProjectConfigurationPlatforms) = postSolution
		{D342B94D-D826-4526-9981-DD25A2F5EAE6}.Debug|Any CPU.ActiveCfg = Debug|Any CPU
		{D342B94D-D826-4526-9981-DD25A2F5EAE6}.Debug|Any CPU.Build.0 = Debug|Any CPU
		{D342B94D-D826-4526-9981-DD25A2F5EAE6}.Release|Any CPU.ActiveCfg = Release|Any CPU
		{D342B94D-D826-4526-9981-DD25A2F5EAE6}.Release|Any CPU.Build.0 = Release|Any CPU
	EndGlobalSection
	GlobalSection(SolutionProperties) = preSolution
		HideSolutionNode = FALSE
	EndGlobalSection
	GlobalSection(ExtensibilityGlobals) = postSolution
		SolutionGuid = {FC208257-6A35-4053-9028-CE50D913C032}
	EndGlobalSection
EndGlobal
